
Microsoft Visual Studio Solution File, Format Version 12.00
# Visual Studio 2013
VisualStudioVersion = 12.0.31101.0
MinimumVisualStudioVersion = 10.0.40219.1
Project("{FAE04EC0-301F-11D3-BF4B-00C04F79EFBC}") = "Appva.Mcss.Admin", "Appva.Mcss.Admin\Appva.Mcss.Admin.csproj", "{A58F3B0A-68BC-48C0-BE51-E8CEC1FDB313}"
EndProject
Project("{FAE04EC0-301F-11D3-BF4B-00C04F79EFBC}") = "Appva.Persistence", "..\..\Framework\src\Appva.Persistence\Appva.Persistence.csproj", "{6DB8CEAE-D19E-4F16-8EEC-8D300B70DED1}"
EndProject
Project("{FAE04EC0-301F-11D3-BF4B-00C04F79EFBC}") = "Appva.Core", "..\..\Framework\src\Appva.Core\Appva.Core.csproj", "{56D99634-8D47-4B88-A057-EE24BCCE546A}"
EndProject
Project("{FAE04EC0-301F-11D3-BF4B-00C04F79EFBC}") = "Appva.Core.Configuration", "..\..\Framework\src\Appva.Core.Configuration\Appva.Core.Configuration.csproj", "{338B5BA3-4825-42C7-9C77-819999EC12EA}"
EndProject
Project("{FAE04EC0-301F-11D3-BF4B-00C04F79EFBC}") = "Appva.Logging", "..\..\Framework\src\Appva.Logging\Appva.Logging.csproj", "{227BB330-A5D5-4BC2-9177-DA61D207D6D7}"
EndProject
Project("{FAE04EC0-301F-11D3-BF4B-00C04F79EFBC}") = "Appva.Persistence.Autofac", "..\..\Framework\src\Appva.Persistence.Autofac\Appva.Persistence.Autofac.csproj", "{9041F4F2-26B2-44DE-AD32-3EDAEAED35D2}"
EndProject
Project("{2150E333-8FDC-42A3-9474-1A3956D46DE8}") = "Presentation", "Presentation", "{6E122320-4F08-48BA-91CF-751EDA031D70}"
EndProject
Project("{FAE04EC0-301F-11D3-BF4B-00C04F79EFBC}") = "Appva.Mvc", "..\..\Framework\src\Appva.Mvc\Appva.Mvc.csproj", "{53A7FE5B-F451-4B7A-8932-9AD424F09165}"
EndProject
Project("{FAE04EC0-301F-11D3-BF4B-00C04F79EFBC}") = "Appva.Cryptography", "..\..\Framework\src\Appva.Cryptography\Appva.Cryptography.csproj", "{D3B336CC-9A4A-4CAD-8AB5-32A92E028726}"
EndProject
Project("{2150E333-8FDC-42A3-9474-1A3956D46DE8}") = "Domain", "Domain", "{5342F007-5372-4E8B-9133-3709B2E66628}"
EndProject
Project("{2150E333-8FDC-42A3-9474-1A3956D46DE8}") = "Application", "Application", "{AD07AE31-2851-44D8-83E9-6A718AF3C3D5}"
EndProject
Project("{FAE04EC0-301F-11D3-BF4B-00C04F79EFBC}") = "Appva.Mcss.Admin.Domain", "Appva.Mcss.Admin.Domain\Appva.Mcss.Admin.Domain.csproj", "{26D66F09-5072-4FB2-81C4-29DF5249AAA7}"
EndProject
Project("{2150E333-8FDC-42A3-9474-1A3956D46DE8}") = "Solutions", "Solutions", "{D0459FC5-E675-43C5-A0D9-391C92A1DA52}"
EndProject
Project("{FAE04EC0-301F-11D3-BF4B-00C04F79EFBC}") = "Appva.Common", "..\..\Framework\src\Appva.Common\Appva.Common.csproj", "{4B12B272-329E-42DA-B8C9-BC49D9544766}"
EndProject
Project("{FAE04EC0-301F-11D3-BF4B-00C04F79EFBC}") = "Appva.Cqrs", "..\..\Framework\src\Appva.Cqrs\Appva.Cqrs.csproj", "{0C3CC633-42B5-413F-B1A6-57DA6F65A61A}"
EndProject
Project("{FAE04EC0-301F-11D3-BF4B-00C04F79EFBC}") = "Appva.Mcss.Admin.Application", "Appva.Mcss.Admin.Application\Appva.Mcss.Admin.Application.csproj", "{0E34A41F-F641-45D2-91E4-FF4C3E9B7853}"
EndProject
Project("{FAE04EC0-301F-11D3-BF4B-00C04F79EFBC}") = "Appva.Repository", "..\..\Framework\src\Appva.Repository\Appva.Repository.csproj", "{98356B49-4FBD-4F29-9A13-5418CAE3E55D}"
EndProject
Project("{FAE04EC0-301F-11D3-BF4B-00C04F79EFBC}") = "Appva.Fhir", "..\..\Framework\src\Appva.Fhir\Appva.Fhir.csproj", "{3983FF1B-A557-4B58-A363-BCEE62182F1E}"
EndProject
Project("{FAE04EC0-301F-11D3-BF4B-00C04F79EFBC}") = "Appva.Persistence.MultiTenant", "..\..\Framework\src\Appva.Persistence.MultiTenant\Appva.Persistence.MultiTenant.csproj", "{3D8F0261-B3B3-4202-ADFD-CEB0EC3D93E3}"
EndProject
Project("{FAE04EC0-301F-11D3-BF4B-00C04F79EFBC}") = "Appva.Apis.TenantServer.Legacy", "..\..\Framework\src\Appva.Apis.TenantServer.Legacy\Appva.Apis.TenantServer.Legacy.csproj", "{D6CD965A-FA1E-429E-94E7-7EFB4E66CE3F}"
EndProject
Project("{FAE04EC0-301F-11D3-BF4B-00C04F79EFBC}") = "Appva.Apis.TenantServer", "..\..\Framework\src\Appva.Apis.Tenant\Appva.Apis.TenantServer.csproj", "{84A3404B-798F-43D7-85D9-D2A510895F9E}"
EndProject
Project("{FAE04EC0-301F-11D3-BF4B-00C04F79EFBC}") = "Appva.Caching", "..\..\Framework\src\Appva.Caching\Appva.Caching.csproj", "{198C0868-A2CD-46BB-A331-437A1B1E029A}"
EndProject
Project("{2150E333-8FDC-42A3-9474-1A3956D46DE8}") = "Utils", "Utils", "{EFF9F3D6-80D6-4E21-A45C-1B8EE8E6869C}"
EndProject
Project("{FAE04EC0-301F-11D3-BF4B-00C04F79EFBC}") = "Appva.Admin.Utils", "Appva.Admin.Utils\Appva.Admin.Utils.csproj", "{2EDAB8CE-5318-400F-A1A8-7B604732CF5B}"
EndProject
Project("{FAE04EC0-301F-11D3-BF4B-00C04F79EFBC}") = "Appva.Tenant", "..\..\Framework\src\Appva.Tenant\Appva.Tenant.csproj", "{443693E3-D712-40FB-837B-A1DA866695FD}"
EndProject
Global
	GlobalSection(SolutionConfigurationPlatforms) = preSolution
		Debug|Any CPU = Debug|Any CPU
		Release|Any CPU = Release|Any CPU
	EndGlobalSection
	GlobalSection(ProjectConfigurationPlatforms) = postSolution
		{A58F3B0A-68BC-48C0-BE51-E8CEC1FDB313}.Debug|Any CPU.ActiveCfg = Debug|Any CPU
		{A58F3B0A-68BC-48C0-BE51-E8CEC1FDB313}.Debug|Any CPU.Build.0 = Debug|Any CPU
		{A58F3B0A-68BC-48C0-BE51-E8CEC1FDB313}.Release|Any CPU.ActiveCfg = Release|Any CPU
		{A58F3B0A-68BC-48C0-BE51-E8CEC1FDB313}.Release|Any CPU.Build.0 = Release|Any CPU
		{6DB8CEAE-D19E-4F16-8EEC-8D300B70DED1}.Debug|Any CPU.ActiveCfg = Debug|Any CPU
		{6DB8CEAE-D19E-4F16-8EEC-8D300B70DED1}.Debug|Any CPU.Build.0 = Debug|Any CPU
		{6DB8CEAE-D19E-4F16-8EEC-8D300B70DED1}.Release|Any CPU.ActiveCfg = Release|Any CPU
		{6DB8CEAE-D19E-4F16-8EEC-8D300B70DED1}.Release|Any CPU.Build.0 = Release|Any CPU
		{56D99634-8D47-4B88-A057-EE24BCCE546A}.Debug|Any CPU.ActiveCfg = Debug|Any CPU
		{56D99634-8D47-4B88-A057-EE24BCCE546A}.Debug|Any CPU.Build.0 = Debug|Any CPU
		{56D99634-8D47-4B88-A057-EE24BCCE546A}.Release|Any CPU.ActiveCfg = Release|Any CPU
		{56D99634-8D47-4B88-A057-EE24BCCE546A}.Release|Any CPU.Build.0 = Release|Any CPU
		{338B5BA3-4825-42C7-9C77-819999EC12EA}.Debug|Any CPU.ActiveCfg = Debug|Any CPU
		{338B5BA3-4825-42C7-9C77-819999EC12EA}.Debug|Any CPU.Build.0 = Debug|Any CPU
		{338B5BA3-4825-42C7-9C77-819999EC12EA}.Release|Any CPU.ActiveCfg = Release|Any CPU
		{338B5BA3-4825-42C7-9C77-819999EC12EA}.Release|Any CPU.Build.0 = Release|Any CPU
		{227BB330-A5D5-4BC2-9177-DA61D207D6D7}.Debug|Any CPU.ActiveCfg = Debug|Any CPU
		{227BB330-A5D5-4BC2-9177-DA61D207D6D7}.Debug|Any CPU.Build.0 = Debug|Any CPU
		{227BB330-A5D5-4BC2-9177-DA61D207D6D7}.Release|Any CPU.ActiveCfg = Release|Any CPU
		{227BB330-A5D5-4BC2-9177-DA61D207D6D7}.Release|Any CPU.Build.0 = Release|Any CPU
		{9041F4F2-26B2-44DE-AD32-3EDAEAED35D2}.Debug|Any CPU.ActiveCfg = Debug|Any CPU
		{9041F4F2-26B2-44DE-AD32-3EDAEAED35D2}.Debug|Any CPU.Build.0 = Debug|Any CPU
		{9041F4F2-26B2-44DE-AD32-3EDAEAED35D2}.Release|Any CPU.ActiveCfg = Release|Any CPU
		{9041F4F2-26B2-44DE-AD32-3EDAEAED35D2}.Release|Any CPU.Build.0 = Release|Any CPU
		{53A7FE5B-F451-4B7A-8932-9AD424F09165}.Debug|Any CPU.ActiveCfg = Debug|Any CPU
		{53A7FE5B-F451-4B7A-8932-9AD424F09165}.Debug|Any CPU.Build.0 = Debug|Any CPU
		{53A7FE5B-F451-4B7A-8932-9AD424F09165}.Release|Any CPU.ActiveCfg = Release|Any CPU
		{53A7FE5B-F451-4B7A-8932-9AD424F09165}.Release|Any CPU.Build.0 = Release|Any CPU
		{D3B336CC-9A4A-4CAD-8AB5-32A92E028726}.Debug|Any CPU.ActiveCfg = Debug|Any CPU
		{D3B336CC-9A4A-4CAD-8AB5-32A92E028726}.Debug|Any CPU.Build.0 = Debug|Any CPU
		{D3B336CC-9A4A-4CAD-8AB5-32A92E028726}.Release|Any CPU.ActiveCfg = Release|Any CPU
		{D3B336CC-9A4A-4CAD-8AB5-32A92E028726}.Release|Any CPU.Build.0 = Release|Any CPU
		{26D66F09-5072-4FB2-81C4-29DF5249AAA7}.Debug|Any CPU.ActiveCfg = Debug|Any CPU
		{26D66F09-5072-4FB2-81C4-29DF5249AAA7}.Debug|Any CPU.Build.0 = Debug|Any CPU
		{26D66F09-5072-4FB2-81C4-29DF5249AAA7}.Release|Any CPU.ActiveCfg = Release|Any CPU
		{26D66F09-5072-4FB2-81C4-29DF5249AAA7}.Release|Any CPU.Build.0 = Release|Any CPU
		{4B12B272-329E-42DA-B8C9-BC49D9544766}.Debug|Any CPU.ActiveCfg = Debug|Any CPU
		{4B12B272-329E-42DA-B8C9-BC49D9544766}.Debug|Any CPU.Build.0 = Debug|Any CPU
		{4B12B272-329E-42DA-B8C9-BC49D9544766}.Release|Any CPU.ActiveCfg = Release|Any CPU
		{4B12B272-329E-42DA-B8C9-BC49D9544766}.Release|Any CPU.Build.0 = Release|Any CPU
		{0C3CC633-42B5-413F-B1A6-57DA6F65A61A}.Debug|Any CPU.ActiveCfg = Debug|Any CPU
		{0C3CC633-42B5-413F-B1A6-57DA6F65A61A}.Debug|Any CPU.Build.0 = Debug|Any CPU
		{0C3CC633-42B5-413F-B1A6-57DA6F65A61A}.Release|Any CPU.ActiveCfg = Release|Any CPU
		{0C3CC633-42B5-413F-B1A6-57DA6F65A61A}.Release|Any CPU.Build.0 = Release|Any CPU
		{0E34A41F-F641-45D2-91E4-FF4C3E9B7853}.Debug|Any CPU.ActiveCfg = Debug|Any CPU
		{0E34A41F-F641-45D2-91E4-FF4C3E9B7853}.Debug|Any CPU.Build.0 = Debug|Any CPU
		{0E34A41F-F641-45D2-91E4-FF4C3E9B7853}.Release|Any CPU.ActiveCfg = Release|Any CPU
		{0E34A41F-F641-45D2-91E4-FF4C3E9B7853}.Release|Any CPU.Build.0 = Release|Any CPU
		{98356B49-4FBD-4F29-9A13-5418CAE3E55D}.Debug|Any CPU.ActiveCfg = Debug|Any CPU
		{98356B49-4FBD-4F29-9A13-5418CAE3E55D}.Debug|Any CPU.Build.0 = Debug|Any CPU
		{98356B49-4FBD-4F29-9A13-5418CAE3E55D}.Release|Any CPU.ActiveCfg = Release|Any CPU
		{98356B49-4FBD-4F29-9A13-5418CAE3E55D}.Release|Any CPU.Build.0 = Release|Any CPU
		{3983FF1B-A557-4B58-A363-BCEE62182F1E}.Debug|Any CPU.ActiveCfg = Debug|Any CPU
		{3983FF1B-A557-4B58-A363-BCEE62182F1E}.Debug|Any CPU.Build.0 = Debug|Any CPU
		{3983FF1B-A557-4B58-A363-BCEE62182F1E}.Release|Any CPU.ActiveCfg = Release|Any CPU
		{3983FF1B-A557-4B58-A363-BCEE62182F1E}.Release|Any CPU.Build.0 = Release|Any CPU
		{3D8F0261-B3B3-4202-ADFD-CEB0EC3D93E3}.Debug|Any CPU.ActiveCfg = Debug|Any CPU
		{3D8F0261-B3B3-4202-ADFD-CEB0EC3D93E3}.Debug|Any CPU.Build.0 = Debug|Any CPU
		{3D8F0261-B3B3-4202-ADFD-CEB0EC3D93E3}.Release|Any CPU.ActiveCfg = Release|Any CPU
		{3D8F0261-B3B3-4202-ADFD-CEB0EC3D93E3}.Release|Any CPU.Build.0 = Release|Any CPU
		{D6CD965A-FA1E-429E-94E7-7EFB4E66CE3F}.Debug|Any CPU.ActiveCfg = Debug|Any CPU
		{D6CD965A-FA1E-429E-94E7-7EFB4E66CE3F}.Debug|Any CPU.Build.0 = Debug|Any CPU
		{D6CD965A-FA1E-429E-94E7-7EFB4E66CE3F}.Release|Any CPU.ActiveCfg = Release|Any CPU
		{D6CD965A-FA1E-429E-94E7-7EFB4E66CE3F}.Release|Any CPU.Build.0 = Release|Any CPU
		{84A3404B-798F-43D7-85D9-D2A510895F9E}.Debug|Any CPU.ActiveCfg = Debug|Any CPU
		{84A3404B-798F-43D7-85D9-D2A510895F9E}.Debug|Any CPU.Build.0 = Debug|Any CPU
		{84A3404B-798F-43D7-85D9-D2A510895F9E}.Release|Any CPU.ActiveCfg = Release|Any CPU
		{84A3404B-798F-43D7-85D9-D2A510895F9E}.Release|Any CPU.Build.0 = Release|Any CPU
		{198C0868-A2CD-46BB-A331-437A1B1E029A}.Debug|Any CPU.ActiveCfg = Debug|Any CPU
		{198C0868-A2CD-46BB-A331-437A1B1E029A}.Debug|Any CPU.Build.0 = Debug|Any CPU
		{198C0868-A2CD-46BB-A331-437A1B1E029A}.Release|Any CPU.ActiveCfg = Release|Any CPU
		{198C0868-A2CD-46BB-A331-437A1B1E029A}.Release|Any CPU.Build.0 = Release|Any CPU
		{2EDAB8CE-5318-400F-A1A8-7B604732CF5B}.Debug|Any CPU.ActiveCfg = Debug|Any CPU
		{2EDAB8CE-5318-400F-A1A8-7B604732CF5B}.Debug|Any CPU.Build.0 = Debug|Any CPU
		{2EDAB8CE-5318-400F-A1A8-7B604732CF5B}.Release|Any CPU.ActiveCfg = Release|Any CPU
		{2EDAB8CE-5318-400F-A1A8-7B604732CF5B}.Release|Any CPU.Build.0 = Release|Any CPU
		{443693E3-D712-40FB-837B-A1DA866695FD}.Debug|Any CPU.ActiveCfg = Debug|Any CPU
		{443693E3-D712-40FB-837B-A1DA866695FD}.Debug|Any CPU.Build.0 = Debug|Any CPU
		{443693E3-D712-40FB-837B-A1DA866695FD}.Release|Any CPU.ActiveCfg = Release|Any CPU
		{443693E3-D712-40FB-837B-A1DA866695FD}.Release|Any CPU.Build.0 = Release|Any CPU
	EndGlobalSection
	GlobalSection(SolutionProperties) = preSolution
		HideSolutionNode = FALSE
	EndGlobalSection
	GlobalSection(NestedProjects) = preSolution
		{A58F3B0A-68BC-48C0-BE51-E8CEC1FDB313} = {6E122320-4F08-48BA-91CF-751EDA031D70}
		{6DB8CEAE-D19E-4F16-8EEC-8D300B70DED1} = {D0459FC5-E675-43C5-A0D9-391C92A1DA52}
		{56D99634-8D47-4B88-A057-EE24BCCE546A} = {D0459FC5-E675-43C5-A0D9-391C92A1DA52}
		{338B5BA3-4825-42C7-9C77-819999EC12EA} = {D0459FC5-E675-43C5-A0D9-391C92A1DA52}
		{227BB330-A5D5-4BC2-9177-DA61D207D6D7} = {D0459FC5-E675-43C5-A0D9-391C92A1DA52}
		{9041F4F2-26B2-44DE-AD32-3EDAEAED35D2} = {D0459FC5-E675-43C5-A0D9-391C92A1DA52}
		{53A7FE5B-F451-4B7A-8932-9AD424F09165} = {D0459FC5-E675-43C5-A0D9-391C92A1DA52}
		{D3B336CC-9A4A-4CAD-8AB5-32A92E028726} = {D0459FC5-E675-43C5-A0D9-391C92A1DA52}
		{26D66F09-5072-4FB2-81C4-29DF5249AAA7} = {5342F007-5372-4E8B-9133-3709B2E66628}
		{4B12B272-329E-42DA-B8C9-BC49D9544766} = {D0459FC5-E675-43C5-A0D9-391C92A1DA52}
		{0C3CC633-42B5-413F-B1A6-57DA6F65A61A} = {D0459FC5-E675-43C5-A0D9-391C92A1DA52}
		{0E34A41F-F641-45D2-91E4-FF4C3E9B7853} = {AD07AE31-2851-44D8-83E9-6A718AF3C3D5}
		{98356B49-4FBD-4F29-9A13-5418CAE3E55D} = {D0459FC5-E675-43C5-A0D9-391C92A1DA52}
		{3983FF1B-A557-4B58-A363-BCEE62182F1E} = {D0459FC5-E675-43C5-A0D9-391C92A1DA52}
		{3D8F0261-B3B3-4202-ADFD-CEB0EC3D93E3} = {D0459FC5-E675-43C5-A0D9-391C92A1DA52}
		{D6CD965A-FA1E-429E-94E7-7EFB4E66CE3F} = {D0459FC5-E675-43C5-A0D9-391C92A1DA52}
		{84A3404B-798F-43D7-85D9-D2A510895F9E} = {D0459FC5-E675-43C5-A0D9-391C92A1DA52}
		{198C0868-A2CD-46BB-A331-437A1B1E029A} = {D0459FC5-E675-43C5-A0D9-391C92A1DA52}
		{2EDAB8CE-5318-400F-A1A8-7B604732CF5B} = {EFF9F3D6-80D6-4E21-A45C-1B8EE8E6869C}
		{443693E3-D712-40FB-837B-A1DA866695FD} = {D0459FC5-E675-43C5-A0D9-391C92A1DA52}
	EndGlobalSection
EndGlobal
