
Microsoft Visual Studio Solution File, Format Version 12.00
# Visual Studio 2013
VisualStudioVersion = 12.0.40629.0
MinimumVisualStudioVersion = 10.0.40219.1
Project("{FAE04EC0-301F-11D3-BF4B-00C04F79EFBC}") = "Appva.Mcss.Admin", "Appva.Mcss.Admin\Appva.Mcss.Admin.csproj", "{A58F3B0A-68BC-48C0-BE51-E8CEC1FDB313}"
EndProject
Project("{2150E333-8FDC-42A3-9474-1A3956D46DE8}") = "Presentation", "Presentation", "{6E122320-4F08-48BA-91CF-751EDA031D70}"
EndProject
Project("{2150E333-8FDC-42A3-9474-1A3956D46DE8}") = "Domain", "Domain", "{5342F007-5372-4E8B-9133-3709B2E66628}"
EndProject
Project("{2150E333-8FDC-42A3-9474-1A3956D46DE8}") = "Application", "Application", "{AD07AE31-2851-44D8-83E9-6A718AF3C3D5}"
EndProject
Project("{FAE04EC0-301F-11D3-BF4B-00C04F79EFBC}") = "Appva.Mcss.Admin.Domain", "Appva.Mcss.Admin.Domain\Appva.Mcss.Admin.Domain.csproj", "{26D66F09-5072-4FB2-81C4-29DF5249AAA7}"
EndProject
Project("{FAE04EC0-301F-11D3-BF4B-00C04F79EFBC}") = "Appva.Mcss.Admin.Application", "Appva.Mcss.Admin.Application\Appva.Mcss.Admin.Application.csproj", "{0E34A41F-F641-45D2-91E4-FF4C3E9B7853}"
EndProject
Project("{2150E333-8FDC-42A3-9474-1A3956D46DE8}") = "Utils", "Utils", "{EFF9F3D6-80D6-4E21-A45C-1B8EE8E6869C}"
EndProject
Project("{FAE04EC0-301F-11D3-BF4B-00C04F79EFBC}") = "Appva.Admin.Utils", "Appva.Admin.Utils\Appva.Admin.Utils.csproj", "{2EDAB8CE-5318-400F-A1A8-7B604732CF5B}"
EndProject
Project("{2150E333-8FDC-42A3-9474-1A3956D46DE8}") = "Tests", "Tests", "{D136BCF9-CA35-4C08-A645-09271199FF6A}"
EndProject
Project("{FAE04EC0-301F-11D3-BF4B-00C04F79EFBC}") = "Appva.Mcss.Admin.LoadTests", "Appva.Mcss.Admin.LoadTests\Appva.Mcss.Admin.LoadTests.csproj", "{2F7F5F47-F4EE-4E1A-86BF-784900B3BEA4}"
EndProject
Project("{2150E333-8FDC-42A3-9474-1A3956D46DE8}") = "Solution Items", "Solution Items", "{B635B5B6-040E-4A8B-B74C-162AD40C5BA8}"
	ProjectSection(SolutionItems) = preProject
		Local.testsettings = Local.testsettings
		TODO.txt = TODO.txt
	EndProjectSection
EndProject
Project("{FAE04EC0-301F-11D3-BF4B-00C04F79EFBC}") = "Appva.Mcss.Admin.UnitTests", "Appva.Mcss.Admin.UnitTests\Appva.Mcss.Admin.UnitTests.csproj", "{5620E65E-C741-4022-9628-D449BA353262}"
EndProject
Project("{2150E333-8FDC-42A3-9474-1A3956D46DE8}") = "Admin", "Admin", "{83F6C13F-E577-4C77-BAA5-F96FE9FF7822}"
EndProject
Project("{FAE04EC0-301F-11D3-BF4B-00C04F79EFBC}") = "Appva.Ehm.Client", "Appva.Ehm\Appva.Ehm.Client.csproj", "{E680E6F5-F1FB-4603-8852-7108D12BD9C2}"
EndProject
Global
	GlobalSection(SolutionConfigurationPlatforms) = preSolution
		Debug|Any CPU = Debug|Any CPU
		Release|Any CPU = Release|Any CPU
	EndGlobalSection
	GlobalSection(ProjectConfigurationPlatforms) = postSolution
		{A58F3B0A-68BC-48C0-BE51-E8CEC1FDB313}.Debug|Any CPU.ActiveCfg = Debug|Any CPU
		{A58F3B0A-68BC-48C0-BE51-E8CEC1FDB313}.Debug|Any CPU.Build.0 = Debug|Any CPU
		{A58F3B0A-68BC-48C0-BE51-E8CEC1FDB313}.Release|Any CPU.ActiveCfg = Release|Any CPU
		{A58F3B0A-68BC-48C0-BE51-E8CEC1FDB313}.Release|Any CPU.Build.0 = Release|Any CPU
		{26D66F09-5072-4FB2-81C4-29DF5249AAA7}.Debug|Any CPU.ActiveCfg = Debug|Any CPU
		{26D66F09-5072-4FB2-81C4-29DF5249AAA7}.Debug|Any CPU.Build.0 = Debug|Any CPU
		{26D66F09-5072-4FB2-81C4-29DF5249AAA7}.Release|Any CPU.ActiveCfg = Release|Any CPU
		{26D66F09-5072-4FB2-81C4-29DF5249AAA7}.Release|Any CPU.Build.0 = Release|Any CPU
		{0E34A41F-F641-45D2-91E4-FF4C3E9B7853}.Debug|Any CPU.ActiveCfg = Debug|Any CPU
		{0E34A41F-F641-45D2-91E4-FF4C3E9B7853}.Debug|Any CPU.Build.0 = Debug|Any CPU
		{0E34A41F-F641-45D2-91E4-FF4C3E9B7853}.Release|Any CPU.ActiveCfg = Release|Any CPU
		{0E34A41F-F641-45D2-91E4-FF4C3E9B7853}.Release|Any CPU.Build.0 = Release|Any CPU
		{2EDAB8CE-5318-400F-A1A8-7B604732CF5B}.Debug|Any CPU.ActiveCfg = Debug|Any CPU
		{2EDAB8CE-5318-400F-A1A8-7B604732CF5B}.Debug|Any CPU.Build.0 = Debug|Any CPU
		{2EDAB8CE-5318-400F-A1A8-7B604732CF5B}.Release|Any CPU.ActiveCfg = Release|Any CPU
		{2EDAB8CE-5318-400F-A1A8-7B604732CF5B}.Release|Any CPU.Build.0 = Release|Any CPU
		{2EDAB8CE-5318-400F-A1A8-7B604732CF5B}.Release|Any CPU.Deploy.0 = Release|Any CPU
		{2F7F5F47-F4EE-4E1A-86BF-784900B3BEA4}.Debug|Any CPU.ActiveCfg = Debug|Any CPU
		{2F7F5F47-F4EE-4E1A-86BF-784900B3BEA4}.Debug|Any CPU.Build.0 = Debug|Any CPU
		{2F7F5F47-F4EE-4E1A-86BF-784900B3BEA4}.Release|Any CPU.ActiveCfg = Release|Any CPU
		{2F7F5F47-F4EE-4E1A-86BF-784900B3BEA4}.Release|Any CPU.Build.0 = Release|Any CPU
		{5620E65E-C741-4022-9628-D449BA353262}.Debug|Any CPU.ActiveCfg = Debug|Any CPU
		{5620E65E-C741-4022-9628-D449BA353262}.Debug|Any CPU.Build.0 = Debug|Any CPU
		{5620E65E-C741-4022-9628-D449BA353262}.Release|Any CPU.ActiveCfg = Release|Any CPU
		{5620E65E-C741-4022-9628-D449BA353262}.Release|Any CPU.Build.0 = Release|Any CPU
		{E680E6F5-F1FB-4603-8852-7108D12BD9C2}.Debug|Any CPU.ActiveCfg = Debug|Any CPU
		{E680E6F5-F1FB-4603-8852-7108D12BD9C2}.Debug|Any CPU.Build.0 = Debug|Any CPU
		{E680E6F5-F1FB-4603-8852-7108D12BD9C2}.Release|Any CPU.ActiveCfg = Release|Any CPU
		{E680E6F5-F1FB-4603-8852-7108D12BD9C2}.Release|Any CPU.Build.0 = Release|Any CPU
	EndGlobalSection
	GlobalSection(SolutionProperties) = preSolution
		HideSolutionNode = FALSE
	EndGlobalSection
	GlobalSection(NestedProjects) = preSolution
		{A58F3B0A-68BC-48C0-BE51-E8CEC1FDB313} = {6E122320-4F08-48BA-91CF-751EDA031D70}
		{6E122320-4F08-48BA-91CF-751EDA031D70} = {83F6C13F-E577-4C77-BAA5-F96FE9FF7822}
		{5342F007-5372-4E8B-9133-3709B2E66628} = {83F6C13F-E577-4C77-BAA5-F96FE9FF7822}
		{AD07AE31-2851-44D8-83E9-6A718AF3C3D5} = {83F6C13F-E577-4C77-BAA5-F96FE9FF7822}
		{26D66F09-5072-4FB2-81C4-29DF5249AAA7} = {5342F007-5372-4E8B-9133-3709B2E66628}
		{0E34A41F-F641-45D2-91E4-FF4C3E9B7853} = {AD07AE31-2851-44D8-83E9-6A718AF3C3D5}
		{2EDAB8CE-5318-400F-A1A8-7B604732CF5B} = {EFF9F3D6-80D6-4E21-A45C-1B8EE8E6869C}
		{2F7F5F47-F4EE-4E1A-86BF-784900B3BEA4} = {D136BCF9-CA35-4C08-A645-09271199FF6A}
		{B635B5B6-040E-4A8B-B74C-162AD40C5BA8} = {D136BCF9-CA35-4C08-A645-09271199FF6A}
		{5620E65E-C741-4022-9628-D449BA353262} = {D136BCF9-CA35-4C08-A645-09271199FF6A}
		{E680E6F5-F1FB-4603-8852-7108D12BD9C2} = {EFF9F3D6-80D6-4E21-A45C-1B8EE8E6869C}
	EndGlobalSection
EndGlobal
